
Microsoft Visual Studio Solution File, Format Version 12.00
Project("{FAE04EC0-301F-11D3-BF4B-00C04F79EFBC}") = "CyberSecCLI", "CyberSecCLI\CyberSecCLI.csproj", "{8AD55CE5-689B-48B2-B544-1CC0EA2A02DE}"
EndProject
Project("{FAE04EC0-301F-11D3-BF4B-00C04F79EFBC}") = "CyberSecCore", "CyberSecCore\CyberSecCore.csproj", "{8D915F77-C0A3-46A6-AA74-A5267126FEFC}"
EndProject
Project("{FAE04EC0-301F-11D3-BF4B-00C04F79EFBC}") = "CyberSecCoreTests", "CyberSecCoreTests\CyberSecCoreTests.csproj", "{D249E8DD-4862-446E-A2F1-F0DF075F4FE8}"
EndProject
Project("{FAE04EC0-301F-11D3-BF4B-00C04F79EFBC}") = "CyberSecFrontend", "CyberSecFrontend\CyberSecFrontend.csproj", "{6FF490D4-08E7-472D-9A66-2AC567BAF472}"
EndProject
Global
	GlobalSection(SolutionConfigurationPlatforms) = preSolution
		Debug|Any CPU = Debug|Any CPU
		Release|Any CPU = Release|Any CPU
	EndGlobalSection
	GlobalSection(ProjectConfigurationPlatforms) = postSolution
		{8AD55CE5-689B-48B2-B544-1CC0EA2A02DE}.Debug|Any CPU.ActiveCfg = Debug|Any CPU
		{8AD55CE5-689B-48B2-B544-1CC0EA2A02DE}.Debug|Any CPU.Build.0 = Debug|Any CPU
		{8AD55CE5-689B-48B2-B544-1CC0EA2A02DE}.Release|Any CPU.ActiveCfg = Release|Any CPU
		{8AD55CE5-689B-48B2-B544-1CC0EA2A02DE}.Release|Any CPU.Build.0 = Release|Any CPU
		{8D915F77-C0A3-46A6-AA74-A5267126FEFC}.Debug|Any CPU.ActiveCfg = Debug|Any CPU
		{8D915F77-C0A3-46A6-AA74-A5267126FEFC}.Debug|Any CPU.Build.0 = Debug|Any CPU
		{8D915F77-C0A3-46A6-AA74-A5267126FEFC}.Release|Any CPU.ActiveCfg = Release|Any CPU
		{8D915F77-C0A3-46A6-AA74-A5267126FEFC}.Release|Any CPU.Build.0 = Release|Any CPU
		{D249E8DD-4862-446E-A2F1-F0DF075F4FE8}.Debug|Any CPU.ActiveCfg = Debug|Any CPU
		{D249E8DD-4862-446E-A2F1-F0DF075F4FE8}.Debug|Any CPU.Build.0 = Debug|Any CPU
		{D249E8DD-4862-446E-A2F1-F0DF075F4FE8}.Release|Any CPU.ActiveCfg = Release|Any CPU
		{D249E8DD-4862-446E-A2F1-F0DF075F4FE8}.Release|Any CPU.Build.0 = Release|Any CPU
		{6FF490D4-08E7-472D-9A66-2AC567BAF472}.Debug|Any CPU.ActiveCfg = Debug|Any CPU
		{6FF490D4-08E7-472D-9A66-2AC567BAF472}.Debug|Any CPU.Build.0 = Debug|Any CPU
		{6FF490D4-08E7-472D-9A66-2AC567BAF472}.Release|Any CPU.ActiveCfg = Release|Any CPU
		{6FF490D4-08E7-472D-9A66-2AC567BAF472}.Release|Any CPU.Build.0 = Release|Any CPU
	EndGlobalSection
EndGlobal
